
Microsoft Visual Studio Solution File, Format Version 12.00
# Visual Studio Version 17
VisualStudioVersion = 17.0.31903.59
MinimumVisualStudioVersion = 10.0.40219.1
Project("{2150E333-8FDC-42A3-9474-1A3956D46DE8}") = "01-BasicToolpath", "01-BasicToolpath", "{8B9E1519-139F-F8E2-5553-47C682CFB3F2}"
EndProject
Project("{FAE04EC0-301F-11D3-BF4B-00C04F79EFBC}") = "BasicToolpath", "01-BasicToolpath\BasicToolpath.csproj", "{6FB02DEA-AAD0-47D2-9701-389928182DB8}"
EndProject
Project("{2150E333-8FDC-42A3-9474-1A3956D46DE8}") = "02-SDFMeshGeneration", "02-SDFMeshGeneration", "{030BD46A-4FF3-98B0-29F8-10865DFF5460}"
EndProject
Project("{FAE04EC0-301F-11D3-BF4B-00C04F79EFBC}") = "SDFMeshGeneration", "02-SDFMeshGeneration\SDFMeshGeneration.csproj", "{224F813D-B301-424B-9772-7C15DC6FC9AB}"
EndProject
Project("{2150E333-8FDC-42A3-9474-1A3956D46DE8}") = "03-CustomShapes", "03-CustomShapes", "{80B42F07-BBA7-A7A8-E29B-37074C943A40}"
EndProject
Project("{FAE04EC0-301F-11D3-BF4B-00C04F79EFBC}") = "CustomShapes", "03-CustomShapes\CustomShapes.csproj", "{6EBBD78E-3BC4-4F0B-BA15-FCA99F80BFE0}"
EndProject
Project("{2150E333-8FDC-42A3-9474-1A3956D46DE8}") = "04-StepByStep", "04-StepByStep", "{69CAA80B-94D7-0FDD-A1F6-2F5F9EFAD522}"
EndProject
Project("{FAE04EC0-301F-11D3-BF4B-00C04F79EFBC}") = "StepByStep", "04-StepByStep\StepByStep.csproj", "{A130E2E3-6B89-42FC-95B9-B6115814E719}"
EndProject
Project("{2150E333-8FDC-42A3-9474-1A3956D46DE8}") = "05-FiveAxisMachining", "05-FiveAxisMachining", "{67AA7360-FF40-89C7-6D83-3036435C21D1}"
EndProject
Project("{FAE04EC0-301F-11D3-BF4B-00C04F79EFBC}") = "FiveAxisMachining", "05-FiveAxisMachining\FiveAxisMachining.csproj", "{7BEEACB8-49DA-4F49-9D11-DEC3D6EAD2D0}"
EndProject
Global
	GlobalSection(SolutionConfigurationPlatforms) = preSolution
		Debug|Any CPU = Debug|Any CPU
		Debug|x64 = Debug|x64
		Debug|x86 = Debug|x86
		Release|Any CPU = Release|Any CPU
		Release|x64 = Release|x64
		Release|x86 = Release|x86
	EndGlobalSection
	GlobalSection(ProjectConfigurationPlatforms) = postSolution
		{6FB02DEA-AAD0-47D2-9701-389928182DB8}.Debug|Any CPU.ActiveCfg = Debug|Any CPU
		{6FB02DEA-AAD0-47D2-9701-389928182DB8}.Debug|Any CPU.Build.0 = Debug|Any CPU
		{6FB02DEA-AAD0-47D2-9701-389928182DB8}.Debug|x64.ActiveCfg = Debug|Any CPU
		{6FB02DEA-AAD0-47D2-9701-389928182DB8}.Debug|x64.Build.0 = Debug|Any CPU
		{6FB02DEA-AAD0-47D2-9701-389928182DB8}.Debug|x86.ActiveCfg = Debug|Any CPU
		{6FB02DEA-AAD0-47D2-9701-389928182DB8}.Debug|x86.Build.0 = Debug|Any CPU
		{6FB02DEA-AAD0-47D2-9701-389928182DB8}.Release|Any CPU.ActiveCfg = Release|Any CPU
		{6FB02DEA-AAD0-47D2-9701-389928182DB8}.Release|Any CPU.Build.0 = Release|Any CPU
		{6FB02DEA-AAD0-47D2-9701-389928182DB8}.Release|x64.ActiveCfg = Release|Any CPU
		{6FB02DEA-AAD0-47D2-9701-389928182DB8}.Release|x64.Build.0 = Release|Any CPU
		{6FB02DEA-AAD0-47D2-9701-389928182DB8}.Release|x86.ActiveCfg = Release|Any CPU
		{6FB02DEA-AAD0-47D2-9701-389928182DB8}.Release|x86.Build.0 = Release|Any CPU
		{224F813D-B301-424B-9772-7C15DC6FC9AB}.Debug|Any CPU.ActiveCfg = Debug|Any CPU
		{224F813D-B301-424B-9772-7C15DC6FC9AB}.Debug|Any CPU.Build.0 = Debug|Any CPU
		{224F813D-B301-424B-9772-7C15DC6FC9AB}.Debug|x64.ActiveCfg = Debug|Any CPU
		{224F813D-B301-424B-9772-7C15DC6FC9AB}.Debug|x64.Build.0 = Debug|Any CPU
		{224F813D-B301-424B-9772-7C15DC6FC9AB}.Debug|x86.ActiveCfg = Debug|Any CPU
		{224F813D-B301-424B-9772-7C15DC6FC9AB}.Debug|x86.Build.0 = Debug|Any CPU
		{224F813D-B301-424B-9772-7C15DC6FC9AB}.Release|Any CPU.ActiveCfg = Release|Any CPU
		{224F813D-B301-424B-9772-7C15DC6FC9AB}.Release|Any CPU.Build.0 = Release|Any CPU
		{224F813D-B301-424B-9772-7C15DC6FC9AB}.Release|x64.ActiveCfg = Release|Any CPU
		{224F813D-B301-424B-9772-7C15DC6FC9AB}.Release|x64.Build.0 = Release|Any CPU
		{224F813D-B301-424B-9772-7C15DC6FC9AB}.Release|x86.ActiveCfg = Release|Any CPU
		{224F813D-B301-424B-9772-7C15DC6FC9AB}.Release|x86.Build.0 = Release|Any CPU
		{6EBBD78E-3BC4-4F0B-BA15-FCA99F80BFE0}.Debug|Any CPU.ActiveCfg = Debug|Any CPU
		{6EBBD78E-3BC4-4F0B-BA15-FCA99F80BFE0}.Debug|Any CPU.Build.0 = Debug|Any CPU
		{6EBBD78E-3BC4-4F0B-BA15-FCA99F80BFE0}.Debug|x64.ActiveCfg = Debug|Any CPU
		{6EBBD78E-3BC4-4F0B-BA15-FCA99F80BFE0}.Debug|x64.Build.0 = Debug|Any CPU
		{6EBBD78E-3BC4-4F0B-BA15-FCA99F80BFE0}.Debug|x86.ActiveCfg = Debug|Any CPU
		{6EBBD78E-3BC4-4F0B-BA15-FCA99F80BFE0}.Debug|x86.Build.0 = Debug|Any CPU
		{6EBBD78E-3BC4-4F0B-BA15-FCA99F80BFE0}.Release|Any CPU.ActiveCfg = Release|Any CPU
		{6EBBD78E-3BC4-4F0B-BA15-FCA99F80BFE0}.Release|Any CPU.Build.0 = Release|Any CPU
		{6EBBD78E-3BC4-4F0B-BA15-FCA99F80BFE0}.Release|x64.ActiveCfg = Release|Any CPU
		{6EBBD78E-3BC4-4F0B-BA15-FCA99F80BFE0}.Release|x64.Build.0 = Release|Any CPU
		{6EBBD78E-3BC4-4F0B-BA15-FCA99F80BFE0}.Release|x86.ActiveCfg = Release|Any CPU
		{6EBBD78E-3BC4-4F0B-BA15-FCA99F80BFE0}.Release|x86.Build.0 = Release|Any CPU
		{A130E2E3-6B89-42FC-95B9-B6115814E719}.Debug|Any CPU.ActiveCfg = Debug|Any CPU
		{A130E2E3-6B89-42FC-95B9-B6115814E719}.Debug|Any CPU.Build.0 = Debug|Any CPU
		{A130E2E3-6B89-42FC-95B9-B6115814E719}.Debug|x64.ActiveCfg = Debug|Any CPU
		{A130E2E3-6B89-42FC-95B9-B6115814E719}.Debug|x64.Build.0 = Debug|Any CPU
		{A130E2E3-6B89-42FC-95B9-B6115814E719}.Debug|x86.ActiveCfg = Debug|Any CPU
		{A130E2E3-6B89-42FC-95B9-B6115814E719}.Debug|x86.Build.0 = Debug|Any CPU
		{A130E2E3-6B89-42FC-95B9-B6115814E719}.Release|Any CPU.ActiveCfg = Release|Any CPU
		{A130E2E3-6B89-42FC-95B9-B6115814E719}.Release|Any CPU.Build.0 = Release|Any CPU
		{A130E2E3-6B89-42FC-95B9-B6115814E719}.Release|x64.ActiveCfg = Release|Any CPU
		{A130E2E3-6B89-42FC-95B9-B6115814E719}.Release|x64.Build.0 = Release|Any CPU
		{A130E2E3-6B89-42FC-95B9-B6115814E719}.Release|x86.ActiveCfg = Release|Any CPU
		{A130E2E3-6B89-42FC-95B9-B6115814E719}.Release|x86.Build.0 = Release|Any CPU
		{7BEEACB8-49DA-4F49-9D11-DEC3D6EAD2D0}.Debug|Any CPU.ActiveCfg = Debug|Any CPU
		{7BEEACB8-49DA-4F49-9D11-DEC3D6EAD2D0}.Debug|Any CPU.Build.0 = Debug|Any CPU
		{7BEEACB8-49DA-4F49-9D11-DEC3D6EAD2D0}.Debug|x64.ActiveCfg = Debug|Any CPU
		{7BEEACB8-49DA-4F49-9D11-DEC3D6EAD2D0}.Debug|x64.Build.0 = Debug|Any CPU
		{7BEEACB8-49DA-4F49-9D11-DEC3D6EAD2D0}.Debug|x86.ActiveCfg = Debug|Any CPU
		{7BEEACB8-49DA-4F49-9D11-DEC3D6EAD2D0}.Debug|x86.Build.0 = Debug|Any CPU
		{7BEEACB8-49DA-4F49-9D11-DEC3D6EAD2D0}.Release|Any CPU.ActiveCfg = Release|Any CPU
		{7BEEACB8-49DA-4F49-9D11-DEC3D6EAD2D0}.Release|Any CPU.Build.0 = Release|Any CPU
		{7BEEACB8-49DA-4F49-9D11-DEC3D6EAD2D0}.Release|x64.ActiveCfg = Release|Any CPU
		{7BEEACB8-49DA-4F49-9D11-DEC3D6EAD2D0}.Release|x64.Build.0 = Release|Any CPU
		{7BEEACB8-49DA-4F49-9D11-DEC3D6EAD2D0}.Release|x86.ActiveCfg = Release|Any CPU
		{7BEEACB8-49DA-4F49-9D11-DEC3D6EAD2D0}.Release|x86.Build.0 = Release|Any CPU
	EndGlobalSection
	GlobalSection(SolutionProperties) = preSolution
		HideSolutionNode = FALSE
	EndGlobalSection
	GlobalSection(NestedProjects) = preSolution
		{6FB02DEA-AAD0-47D2-9701-389928182DB8} = {8B9E1519-139F-F8E2-5553-47C682CFB3F2}
		{224F813D-B301-424B-9772-7C15DC6FC9AB} = {030BD46A-4FF3-98B0-29F8-10865DFF5460}
		{6EBBD78E-3BC4-4F0B-BA15-FCA99F80BFE0} = {80B42F07-BBA7-A7A8-E29B-37074C943A40}
		{A130E2E3-6B89-42FC-95B9-B6115814E719} = {69CAA80B-94D7-0FDD-A1F6-2F5F9EFAD522}
		{7BEEACB8-49DA-4F49-9D11-DEC3D6EAD2D0} = {67AA7360-FF40-89C7-6D83-3036435C21D1}
	EndGlobalSection
EndGlobal
